
Microsoft Visual Studio Solution File, Format Version 12.00
# Visual Studio Version 17
VisualStudioVersion = 17.0.32112.339
MinimumVisualStudioVersion = 10.0.40219.1
Project("{FAE04EC0-301F-11D3-BF4B-00C04F79EFBC}") = "Lesson_4", "Lesson_4\Lesson_4.csproj", "{290CE334-37A4-485E-A8A4-F5E5C1243AE7}"
EndProject
Project("{FAE04EC0-301F-11D3-BF4B-00C04F79EFBC}") = "4_2", "4_2\4_2.csproj", "{C04326AA-05F3-4916-A256-379A3DCCBB8C}"
EndProject
Project("{FAE04EC0-301F-11D3-BF4B-00C04F79EFBC}") = "4_3", "4_3\4_3.csproj", "{35460236-901E-4237-ADFF-2A159D3DF32B}"
EndProject
Project("{FAE04EC0-301F-11D3-BF4B-00C04F79EFBC}") = "4_4", "4_4\4_4.csproj", "{1E4CA492-2D86-4F25-9149-C61DE880C8B4}"
EndProject
Global
	GlobalSection(SolutionConfigurationPlatforms) = preSolution
		Debug|Any CPU = Debug|Any CPU
		Release|Any CPU = Release|Any CPU
	EndGlobalSection
	GlobalSection(ProjectConfigurationPlatforms) = postSolution
		{290CE334-37A4-485E-A8A4-F5E5C1243AE7}.Debug|Any CPU.ActiveCfg = Debug|Any CPU
		{290CE334-37A4-485E-A8A4-F5E5C1243AE7}.Debug|Any CPU.Build.0 = Debug|Any CPU
		{290CE334-37A4-485E-A8A4-F5E5C1243AE7}.Release|Any CPU.ActiveCfg = Release|Any CPU
		{290CE334-37A4-485E-A8A4-F5E5C1243AE7}.Release|Any CPU.Build.0 = Release|Any CPU
		{C04326AA-05F3-4916-A256-379A3DCCBB8C}.Debug|Any CPU.ActiveCfg = Debug|Any CPU
		{C04326AA-05F3-4916-A256-379A3DCCBB8C}.Debug|Any CPU.Build.0 = Debug|Any CPU
		{C04326AA-05F3-4916-A256-379A3DCCBB8C}.Release|Any CPU.ActiveCfg = Release|Any CPU
		{C04326AA-05F3-4916-A256-379A3DCCBB8C}.Release|Any CPU.Build.0 = Release|Any CPU
		{35460236-901E-4237-ADFF-2A159D3DF32B}.Debug|Any CPU.ActiveCfg = Debug|Any CPU
		{35460236-901E-4237-ADFF-2A159D3DF32B}.Debug|Any CPU.Build.0 = Debug|Any CPU
		{35460236-901E-4237-ADFF-2A159D3DF32B}.Release|Any CPU.ActiveCfg = Release|Any CPU
		{35460236-901E-4237-ADFF-2A159D3DF32B}.Release|Any CPU.Build.0 = Release|Any CPU
		{1E4CA492-2D86-4F25-9149-C61DE880C8B4}.Debug|Any CPU.ActiveCfg = Debug|Any CPU
		{1E4CA492-2D86-4F25-9149-C61DE880C8B4}.Debug|Any CPU.Build.0 = Debug|Any CPU
		{1E4CA492-2D86-4F25-9149-C61DE880C8B4}.Release|Any CPU.ActiveCfg = Release|Any CPU
		{1E4CA492-2D86-4F25-9149-C61DE880C8B4}.Release|Any CPU.Build.0 = Release|Any CPU
	EndGlobalSection
	GlobalSection(SolutionProperties) = preSolution
		HideSolutionNode = FALSE
	EndGlobalSection
	GlobalSection(ExtensibilityGlobals) = postSolution
		SolutionGuid = {73CBC228-24DF-4951-989F-F1EAAA1B4019}
	EndGlobalSection
EndGlobal
